
Microsoft Visual Studio Solution File, Format Version 12.00
Project("{FAE04EC0-301F-11D3-BF4B-00C04F79EFBC}") = "ChessAPI", "ChessAPI\ChessAPI.csproj", "{3FCC1B1D-F515-4E44-AA80-418DC73884A5}"
EndProject
Global
	GlobalSection(SolutionConfigurationPlatforms) = preSolution
		Debug|Any CPU = Debug|Any CPU
		Release|Any CPU = Release|Any CPU
	EndGlobalSection
	GlobalSection(ProjectConfigurationPlatforms) = postSolution
		{3FCC1B1D-F515-4E44-AA80-418DC73884A5}.Debug|Any CPU.ActiveCfg = Debug|Any CPU
		{3FCC1B1D-F515-4E44-AA80-418DC73884A5}.Debug|Any CPU.Build.0 = Debug|Any CPU
		{3FCC1B1D-F515-4E44-AA80-418DC73884A5}.Release|Any CPU.ActiveCfg = Release|Any CPU
		{3FCC1B1D-F515-4E44-AA80-418DC73884A5}.Release|Any CPU.Build.0 = Release|Any CPU
	EndGlobalSection
EndGlobal
